<?xml version="1.0" encoding="utf-8"?>
<Project ToolsVersion="4.0" xmlns="http://schemas.microsoft.com/developer/msbuild/2003">
  <ItemGroup>
    <Filter Include="Source Files">
      <UniqueIdentifier>{3b73c8aa-bc04-425e-88b5-e7bc9a190690}</UniqueIdentifier>
    </Filter>
  </ItemGroup>
  <ItemGroup>
    <ClCompile Include="FastBoard.cpp">
      <Filter>Source Files</Filter>
    </ClCompile>
    <ClCompile Include="FastState.cpp">
      <Filter>Source Files</Filter>
    </ClCompile>
    <ClCompile Include="FullBoard.cpp">
      <Filter>Source Files</Filter>
    </ClCompile>
    <ClCompile Include="GameState.cpp">
      <Filter>Source Files</Filter>
    </ClCompile>
    <ClCompile Include="GTP.cpp">
      <Filter>Source Files</Filter>
    </ClCompile>
    <ClCompile Include="KoState.cpp">
      <Filter>Source Files</Filter>
    </ClCompile>
    <ClCompile Include="Leela.cpp">
      <Filter>Source Files</Filter>
    </ClCompile>
    <ClCompile Include="Network.cpp">
      <Filter>Source Files</Filter>
    </ClCompile>
    <ClCompile Include="OpenCL.cpp">
      <Filter>Source Files</Filter>
    </ClCompile>
    <ClCompile Include="Random.cpp">
      <Filter>Source Files</Filter>
    </ClCompile>
    <ClCompile Include="SGFParser.cpp">
      <Filter>Source Files</Filter>
    </ClCompile>
    <ClCompile Include="SGFTree.cpp">
      <Filter>Source Files</Filter>
    </ClCompile>
    <ClCompile Include="SMP.cpp">
      <Filter>Source Files</Filter>
    </ClCompile>
    <ClCompile Include="TimeControl.cpp">
      <Filter>Source Files</Filter>
    </ClCompile>
    <ClCompile Include="Timing.cpp">
      <Filter>Source Files</Filter>
    </ClCompile>
    <ClCompile Include="Training.cpp">
      <Filter>Source Files</Filter>
    </ClCompile>
    <ClCompile Include="TTable.cpp">
      <Filter>Source Files</Filter>
    </ClCompile>
    <ClCompile Include="UCTNode.cpp">
      <Filter>Source Files</Filter>
    </ClCompile>
    <ClCompile Include="UCTSearch.cpp">
      <Filter>Source Files</Filter>
    </ClCompile>
    <ClCompile Include="Utils.cpp">
      <Filter>Source Files</Filter>
    </ClCompile>
    <ClCompile Include="Zobrist.cpp">
      <Filter>Source Files</Filter>
    </ClCompile>
  </ItemGroup>
  <ItemGroup>
    <None Include="packages.config" />
  </ItemGroup>
</Project>